
Microsoft Visual Studio Solution File, Format Version 12.00
# Visual Studio Version 17
VisualStudioVersion = 17.0.31903.59
MinimumVisualStudioVersion = 10.0.40219.1
Project("{FAE04EC0-301F-11D3-BF4B-00C04F79EFBC}") = "TotkRegistryToolkit", "TotkRegistryToolkit\TotkRegistryToolkit.csproj", "{DE783F4A-AB52-455C-B0DF-057C865588BE}"
EndProject
Global
	GlobalSection(SolutionConfigurationPlatforms) = preSolution
		Debug|Any CPU = Debug|Any CPU
		Release|Any CPU = Release|Any CPU
	EndGlobalSection
	GlobalSection(SolutionProperties) = preSolution
		HideSolutionNode = FALSE
	EndGlobalSection
	GlobalSection(ProjectConfigurationPlatforms) = postSolution
		{DE783F4A-AB52-455C-B0DF-057C865588BE}.Debug|Any CPU.ActiveCfg = Debug|Any CPU
		{DE783F4A-AB52-455C-B0DF-057C865588BE}.Debug|Any CPU.Build.0 = Debug|Any CPU
		{DE783F4A-AB52-455C-B0DF-057C865588BE}.Release|Any CPU.ActiveCfg = Release|Any CPU
		{DE783F4A-AB52-455C-B0DF-057C865588BE}.Release|Any CPU.Build.0 = Release|Any CPU
	EndGlobalSection
EndGlobal
